
Microsoft Visual Studio Solution File, Format Version 12.00
# Visual Studio 15
VisualStudioVersion = 15.0.28307.852
MinimumVisualStudioVersion = 10.0.40219.1
Project("{FAE04EC0-301F-11D3-BF4B-00C04F79EFBC}") = "CMA", "CMA\CMA.csproj", "{4314DBA1-28D2-41E0-BEEF-E3B68859DDC9}"
EndProject
Global
	GlobalSection(SolutionConfigurationPlatforms) = preSolution
		Debug|Any CPU = Debug|Any CPU
		Release|Any CPU = Release|Any CPU
	EndGlobalSection
	GlobalSection(ProjectConfigurationPlatforms) = postSolution
		{4314DBA1-28D2-41E0-BEEF-E3B68859DDC9}.Debug|Any CPU.ActiveCfg = Debug|Any CPU
		{4314DBA1-28D2-41E0-BEEF-E3B68859DDC9}.Debug|Any CPU.Build.0 = Debug|Any CPU
		{4314DBA1-28D2-41E0-BEEF-E3B68859DDC9}.Release|Any CPU.ActiveCfg = Release|Any CPU
		{4314DBA1-28D2-41E0-BEEF-E3B68859DDC9}.Release|Any CPU.Build.0 = Release|Any CPU
	EndGlobalSection
	GlobalSection(SolutionProperties) = preSolution
		HideSolutionNode = FALSE
	EndGlobalSection
	GlobalSection(ExtensibilityGlobals) = postSolution
		SolutionGuid = {541FBAD0-22A3-42F7-B665-860C1C21AAA1}
	EndGlobalSection
EndGlobal
