
Microsoft Visual Studio Solution File, Format Version 12.00
# Visual Studio Version 16
VisualStudioVersion = 16.0.29409.12
MinimumVisualStudioVersion = 10.0.40219.1
Project("{FAE04EC0-301F-11D3-BF4B-00C04F79EFBC}") = "CMA", "CMA\CMA.csproj", "{4314DBA1-28D2-41E0-BEEF-E3B68859DDC9}"
EndProject
Project("{FAE04EC0-301F-11D3-BF4B-00C04F79EFBC}") = "Fontaine", "Fontaine\Fontaine.csproj", "{511D68AC-B0C4-416C-82B9-6CC4E2740A1F}"
EndProject
Project("{FAE04EC0-301F-11D3-BF4B-00C04F79EFBC}") = "AffectOpeConcat", "AffectOpeConcat\AffectOpeConcat.csproj", "{C35DD33D-7D48-477A-B7C9-A616E85FF6C3}"
EndProject
Project("{FAE04EC0-301F-11D3-BF4B-00C04F79EFBC}") = "02Affect", "02Affect\02Affect.csproj", "{E14D0116-7849-4C77-8649-FAB03F429976}"
EndProject
Project("{FAE04EC0-301F-11D3-BF4B-00C04F79EFBC}") = "Crepes", "Crepes\Crepes.csproj", "{A5AFC038-238D-4876-8739-55693F244D1F}"
EndProject
Project("{FAE04EC0-301F-11D3-BF4B-00C04F79EFBC}") = "switchLesson", "switchLesson\switchLesson.csproj", "{6E299E3F-6040-4691-A0FF-EA0F6FFAB6D5}"
EndProject
Global
	GlobalSection(SolutionConfigurationPlatforms) = preSolution
		Debug|Any CPU = Debug|Any CPU
		Release|Any CPU = Release|Any CPU
	EndGlobalSection
	GlobalSection(ProjectConfigurationPlatforms) = postSolution
		{4314DBA1-28D2-41E0-BEEF-E3B68859DDC9}.Debug|Any CPU.ActiveCfg = Debug|Any CPU
		{4314DBA1-28D2-41E0-BEEF-E3B68859DDC9}.Debug|Any CPU.Build.0 = Debug|Any CPU
		{4314DBA1-28D2-41E0-BEEF-E3B68859DDC9}.Release|Any CPU.ActiveCfg = Release|Any CPU
		{4314DBA1-28D2-41E0-BEEF-E3B68859DDC9}.Release|Any CPU.Build.0 = Release|Any CPU
		{511D68AC-B0C4-416C-82B9-6CC4E2740A1F}.Debug|Any CPU.ActiveCfg = Debug|Any CPU
		{511D68AC-B0C4-416C-82B9-6CC4E2740A1F}.Debug|Any CPU.Build.0 = Debug|Any CPU
		{511D68AC-B0C4-416C-82B9-6CC4E2740A1F}.Release|Any CPU.ActiveCfg = Release|Any CPU
		{511D68AC-B0C4-416C-82B9-6CC4E2740A1F}.Release|Any CPU.Build.0 = Release|Any CPU
		{C35DD33D-7D48-477A-B7C9-A616E85FF6C3}.Debug|Any CPU.ActiveCfg = Debug|Any CPU
		{C35DD33D-7D48-477A-B7C9-A616E85FF6C3}.Debug|Any CPU.Build.0 = Debug|Any CPU
		{C35DD33D-7D48-477A-B7C9-A616E85FF6C3}.Release|Any CPU.ActiveCfg = Release|Any CPU
		{C35DD33D-7D48-477A-B7C9-A616E85FF6C3}.Release|Any CPU.Build.0 = Release|Any CPU
		{E14D0116-7849-4C77-8649-FAB03F429976}.Debug|Any CPU.ActiveCfg = Debug|Any CPU
		{E14D0116-7849-4C77-8649-FAB03F429976}.Debug|Any CPU.Build.0 = Debug|Any CPU
		{E14D0116-7849-4C77-8649-FAB03F429976}.Release|Any CPU.ActiveCfg = Release|Any CPU
		{E14D0116-7849-4C77-8649-FAB03F429976}.Release|Any CPU.Build.0 = Release|Any CPU
		{A5AFC038-238D-4876-8739-55693F244D1F}.Debug|Any CPU.ActiveCfg = Debug|Any CPU
		{A5AFC038-238D-4876-8739-55693F244D1F}.Debug|Any CPU.Build.0 = Debug|Any CPU
		{A5AFC038-238D-4876-8739-55693F244D1F}.Release|Any CPU.ActiveCfg = Release|Any CPU
		{A5AFC038-238D-4876-8739-55693F244D1F}.Release|Any CPU.Build.0 = Release|Any CPU
		{6E299E3F-6040-4691-A0FF-EA0F6FFAB6D5}.Debug|Any CPU.ActiveCfg = Debug|Any CPU
		{6E299E3F-6040-4691-A0FF-EA0F6FFAB6D5}.Debug|Any CPU.Build.0 = Debug|Any CPU
		{6E299E3F-6040-4691-A0FF-EA0F6FFAB6D5}.Release|Any CPU.ActiveCfg = Release|Any CPU
		{6E299E3F-6040-4691-A0FF-EA0F6FFAB6D5}.Release|Any CPU.Build.0 = Release|Any CPU
	EndGlobalSection
	GlobalSection(SolutionProperties) = preSolution
		HideSolutionNode = FALSE
	EndGlobalSection
	GlobalSection(ExtensibilityGlobals) = postSolution
		SolutionGuid = {541FBAD0-22A3-42F7-B665-860C1C21AAA1}
	EndGlobalSection
EndGlobal
